Microsoft Visual Studio Solution File, Format Version 12.00
# Visual Studio Version 17
VisualStudioVersion = 17.5.2.0
MinimumVisualStudioVersion = 10.0.40219.1
Project("{FAE04EC0-301F-11D3-BF4B-00C04F79EFBC}") = "Automation_Test_v2", "Automation_Test_v2.csproj", "{B21462A4-2530-3166-40D4-E3EA2606D993}"
EndProject
Global
	GlobalSection(SolutionConfigurationPlatforms) = preSolution
		Debug|Any CPU = Debug|Any CPU
		Release|Any CPU = Release|Any CPU
	EndGlobalSection
	GlobalSection(ProjectConfigurationPlatforms) = postSolution
		{B21462A4-2530-3166-40D4-E3EA2606D993}.Debug|Any CPU.ActiveCfg = Debug|Any CPU
		{B21462A4-2530-3166-40D4-E3EA2606D993}.Debug|Any CPU.Build.0 = Debug|Any CPU
		{B21462A4-2530-3166-40D4-E3EA2606D993}.Release|Any CPU.ActiveCfg = Release|Any CPU
		{B21462A4-2530-3166-40D4-E3EA2606D993}.Release|Any CPU.Build.0 = Release|Any CPU
	EndGlobalSection
	GlobalSection(SolutionProperties) = preSolution
		HideSolutionNode = FALSE
	EndGlobalSection
	GlobalSection(ExtensibilityGlobals) = postSolution
		SolutionGuid = {1E48CF89-A20B-4FC2-A505-9EE9844D19E5}
	EndGlobalSection
EndGlobal
